
Microsoft Visual Studio Solution File, Format Version 12.00
# Visual Studio Version 17
VisualStudioVersion = 17.12.35514.174
MinimumVisualStudioVersion = 10.0.40219.1
Project("{2150E333-8FDC-42A3-9474-1A3956D46DE8}") = "Level01", "Level01", "{A3B070FB-0C93-40D8-B530-E1C905ED1866}"
EndProject
Project("{2150E333-8FDC-42A3-9474-1A3956D46DE8}") = "Level00", "Level00", "{C67E0D44-29D9-4F82-9719-1BF99909710C}"
EndProject
Project("{2150E333-8FDC-42A3-9474-1A3956D46DE8}") = "Level02", "Level02", "{4E013ACB-9597-4DD7-A9AC-AA40EA5D2270}"
EndProject
Project("{2150E333-8FDC-42A3-9474-1A3956D46DE8}") = "Level03", "Level03", "{590EC44E-EF70-41E3-9C21-DBC193E0AF50}"
EndProject
Project("{8BC9CEB8-8B4A-11D0-8D11-00A0C91BC942}") = "EngineBase", "EngineBase\EngineBase.vcxproj", "{1C398C90-4805-4110-8D78-00F18558C468}"
EndProject
Project("{8BC9CEB8-8B4A-11D0-8D11-00A0C91BC942}") = "EnginePlatform", "EnginePlatform\EnginePlatform.vcxproj", "{DD990A5D-E5A7-4149-B617-9CB1D58C51F0}"
	ProjectSection(ProjectDependencies) = postProject
		{1C398C90-4805-4110-8D78-00F18558C468} = {1C398C90-4805-4110-8D78-00F18558C468}
	EndProjectSection
EndProject
Project("{8BC9CEB8-8B4A-11D0-8D11-00A0C91BC942}") = "EngineCore", "EngineCore\EngineCore.vcxproj", "{18DB0535-CFA9-4881-BDF2-96D8F1B5C365}"
	ProjectSection(ProjectDependencies) = postProject
		{1C398C90-4805-4110-8D78-00F18558C468} = {1C398C90-4805-4110-8D78-00F18558C468}
		{DD990A5D-E5A7-4149-B617-9CB1D58C51F0} = {DD990A5D-E5A7-4149-B617-9CB1D58C51F0}
	EndProjectSection
EndProject
Project("{8BC9CEB8-8B4A-11D0-8D11-00A0C91BC942}") = "EngineContents", "EngineContents\EngineContents.vcxproj", "{FB538370-55AC-4485-B6E4-16CDA1AF253D}"
	ProjectSection(ProjectDependencies) = postProject
		{18DB0535-CFA9-4881-BDF2-96D8F1B5C365} = {18DB0535-CFA9-4881-BDF2-96D8F1B5C365}
		{1C398C90-4805-4110-8D78-00F18558C468} = {1C398C90-4805-4110-8D78-00F18558C468}
		{DD990A5D-E5A7-4149-B617-9CB1D58C51F0} = {DD990A5D-E5A7-4149-B617-9CB1D58C51F0}
	EndProjectSection
EndProject
Project("{2150E333-8FDC-42A3-9474-1A3956D46DE8}") = "Level04", "Level04", "{856E8E77-A30E-44AC-A9EE-3982804EA5D3}"
EndProject
Project("{8BC9CEB8-8B4A-11D0-8D11-00A0C91BC942}") = "App", "App\App.vcxproj", "{960C966F-437B-4CC6-9BF0-F5957D1CBAC5}"
	ProjectSection(ProjectDependencies) = postProject
		{18DB0535-CFA9-4881-BDF2-96D8F1B5C365} = {18DB0535-CFA9-4881-BDF2-96D8F1B5C365}
		{1C398C90-4805-4110-8D78-00F18558C468} = {1C398C90-4805-4110-8D78-00F18558C468}
		{DD990A5D-E5A7-4149-B617-9CB1D58C51F0} = {DD990A5D-E5A7-4149-B617-9CB1D58C51F0}
		{FB538370-55AC-4485-B6E4-16CDA1AF253D} = {FB538370-55AC-4485-B6E4-16CDA1AF253D}
	EndProjectSection
EndProject
Project("{8BC9CEB8-8B4A-11D0-8D11-00A0C91BC942}") = "EngineShader", "EngineShader\EngineShader.vcxproj", "{40770652-6BEA-4E95-98BA-E281228B6C12}"
EndProject
Global
	GlobalSection(SolutionConfigurationPlatforms) = preSolution
		Debug|x64 = Debug|x64
		Debug|x86 = Debug|x86
		Release|x64 = Release|x64
		Release|x86 = Release|x86
	EndGlobalSection
	GlobalSection(ProjectConfigurationPlatforms) = postSolution
		{1C398C90-4805-4110-8D78-00F18558C468}.Debug|x64.ActiveCfg = Debug|x64
		{1C398C90-4805-4110-8D78-00F18558C468}.Debug|x64.Build.0 = Debug|x64
		{1C398C90-4805-4110-8D78-00F18558C468}.Debug|x86.ActiveCfg = Debug|Win32
		{1C398C90-4805-4110-8D78-00F18558C468}.Debug|x86.Build.0 = Debug|Win32
		{1C398C90-4805-4110-8D78-00F18558C468}.Release|x64.ActiveCfg = Release|x64
		{1C398C90-4805-4110-8D78-00F18558C468}.Release|x64.Build.0 = Release|x64
		{1C398C90-4805-4110-8D78-00F18558C468}.Release|x86.ActiveCfg = Release|Win32
		{1C398C90-4805-4110-8D78-00F18558C468}.Release|x86.Build.0 = Release|Win32
		{DD990A5D-E5A7-4149-B617-9CB1D58C51F0}.Debug|x64.ActiveCfg = Debug|x64
		{DD990A5D-E5A7-4149-B617-9CB1D58C51F0}.Debug|x64.Build.0 = Debug|x64
		{DD990A5D-E5A7-4149-B617-9CB1D58C51F0}.Debug|x86.ActiveCfg = Debug|Win32
		{DD990A5D-E5A7-4149-B617-9CB1D58C51F0}.Debug|x86.Build.0 = Debug|Win32
		{DD990A5D-E5A7-4149-B617-9CB1D58C51F0}.Release|x64.ActiveCfg = Release|x64
		{DD990A5D-E5A7-4149-B617-9CB1D58C51F0}.Release|x64.Build.0 = Release|x64
		{DD990A5D-E5A7-4149-B617-9CB1D58C51F0}.Release|x86.ActiveCfg = Release|Win32
		{DD990A5D-E5A7-4149-B617-9CB1D58C51F0}.Release|x86.Build.0 = Release|Win32
		{18DB0535-CFA9-4881-BDF2-96D8F1B5C365}.Debug|x64.ActiveCfg = Debug|x64
		{18DB0535-CFA9-4881-BDF2-96D8F1B5C365}.Debug|x64.Build.0 = Debug|x64
		{18DB0535-CFA9-4881-BDF2-96D8F1B5C365}.Debug|x86.ActiveCfg = Debug|Win32
		{18DB0535-CFA9-4881-BDF2-96D8F1B5C365}.Debug|x86.Build.0 = Debug|Win32
		{18DB0535-CFA9-4881-BDF2-96D8F1B5C365}.Release|x64.ActiveCfg = Release|x64
		{18DB0535-CFA9-4881-BDF2-96D8F1B5C365}.Release|x64.Build.0 = Release|x64
		{18DB0535-CFA9-4881-BDF2-96D8F1B5C365}.Release|x86.ActiveCfg = Release|Win32
		{18DB0535-CFA9-4881-BDF2-96D8F1B5C365}.Release|x86.Build.0 = Release|Win32
		{FB538370-55AC-4485-B6E4-16CDA1AF253D}.Debug|x64.ActiveCfg = Debug|x64
		{FB538370-55AC-4485-B6E4-16CDA1AF253D}.Debug|x64.Build.0 = Debug|x64
		{FB538370-55AC-4485-B6E4-16CDA1AF253D}.Debug|x86.ActiveCfg = Debug|Win32
		{FB538370-55AC-4485-B6E4-16CDA1AF253D}.Debug|x86.Build.0 = Debug|Win32
		{FB538370-55AC-4485-B6E4-16CDA1AF253D}.Release|x64.ActiveCfg = Release|x64
		{FB538370-55AC-4485-B6E4-16CDA1AF253D}.Release|x64.Build.0 = Release|x64
		{FB538370-55AC-4485-B6E4-16CDA1AF253D}.Release|x86.ActiveCfg = Release|Win32
		{FB538370-55AC-4485-B6E4-16CDA1AF253D}.Release|x86.Build.0 = Release|Win32
		{960C966F-437B-4CC6-9BF0-F5957D1CBAC5}.Debug|x64.ActiveCfg = Debug|x64
		{960C966F-437B-4CC6-9BF0-F5957D1CBAC5}.Debug|x64.Build.0 = Debug|x64
		{960C966F-437B-4CC6-9BF0-F5957D1CBAC5}.Debug|x86.ActiveCfg = Debug|Win32
		{960C966F-437B-4CC6-9BF0-F5957D1CBAC5}.Debug|x86.Build.0 = Debug|Win32
		{960C966F-437B-4CC6-9BF0-F5957D1CBAC5}.Release|x64.ActiveCfg = Release|x64
		{960C966F-437B-4CC6-9BF0-F5957D1CBAC5}.Release|x64.Build.0 = Release|x64
		{960C966F-437B-4CC6-9BF0-F5957D1CBAC5}.Release|x86.ActiveCfg = Release|Win32
		{960C966F-437B-4CC6-9BF0-F5957D1CBAC5}.Release|x86.Build.0 = Release|Win32
		{40770652-6BEA-4E95-98BA-E281228B6C12}.Debug|x64.ActiveCfg = Debug|x64
		{40770652-6BEA-4E95-98BA-E281228B6C12}.Debug|x64.Build.0 = Debug|x64
		{40770652-6BEA-4E95-98BA-E281228B6C12}.Debug|x86.ActiveCfg = Debug|Win32
		{40770652-6BEA-4E95-98BA-E281228B6C12}.Debug|x86.Build.0 = Debug|Win32
		{40770652-6BEA-4E95-98BA-E281228B6C12}.Release|x64.ActiveCfg = Release|x64
		{40770652-6BEA-4E95-98BA-E281228B6C12}.Release|x64.Build.0 = Release|x64
		{40770652-6BEA-4E95-98BA-E281228B6C12}.Release|x86.ActiveCfg = Release|Win32
		{40770652-6BEA-4E95-98BA-E281228B6C12}.Release|x86.Build.0 = Release|Win32
	EndGlobalSection
	GlobalSection(SolutionProperties) = preSolution
		HideSolutionNode = FALSE
	EndGlobalSection
	GlobalSection(NestedProjects) = preSolution
		{1C398C90-4805-4110-8D78-00F18558C468} = {C67E0D44-29D9-4F82-9719-1BF99909710C}
		{DD990A5D-E5A7-4149-B617-9CB1D58C51F0} = {A3B070FB-0C93-40D8-B530-E1C905ED1866}
		{18DB0535-CFA9-4881-BDF2-96D8F1B5C365} = {4E013ACB-9597-4DD7-A9AC-AA40EA5D2270}
		{FB538370-55AC-4485-B6E4-16CDA1AF253D} = {590EC44E-EF70-41E3-9C21-DBC193E0AF50}
		{960C966F-437B-4CC6-9BF0-F5957D1CBAC5} = {856E8E77-A30E-44AC-A9EE-3982804EA5D3}
		{40770652-6BEA-4E95-98BA-E281228B6C12} = {4E013ACB-9597-4DD7-A9AC-AA40EA5D2270}
	EndGlobalSection
EndGlobal
