<?xml version="1.0" encoding="utf-8"?>
<Project ToolsVersion="4.0" xmlns="http://schemas.microsoft.com/developer/msbuild/2003">
  <ItemGroup>
    <ClInclude Include="PreCompile.h">
      <Filter>Header</Filter>
    </ClInclude>
    <ClInclude Include="EngineCore.h">
      <Filter>Core</Filter>
    </ClInclude>
    <ClInclude Include="IContentsCore.h">
      <Filter>Interface</Filter>
    </ClInclude>
    <ClInclude Include="Level.h">
      <Filter>Level</Filter>
    </ClInclude>
    <ClInclude Include="Actor.h">
      <Filter>Level</Filter>
    </ClInclude>
    <ClInclude Include="GameMode.h">
      <Filter>Level</Filter>
    </ClInclude>
    <ClInclude Include="Pawn.h">
      <Filter>Level</Filter>
    </ClInclude>
    <ClInclude Include="EngineGraphicDevice.h">
      <Filter>Graphics</Filter>
    </ClInclude>
    <ClInclude Include="ThirdParty\DirectxTex\Inc\DirectXTex.h">
      <Filter>ThirdParty\DirectxTex\Inc</Filter>
    </ClInclude>
    <ClInclude Include="Renderer.h">
      <Filter>Components\Render</Filter>
    </ClInclude>
    <ClInclude Include="SpriteRenderer.h">
      <Filter>Components\Render</Filter>
    </ClInclude>
    <ClInclude Include="EngineResources.h">
      <Filter>Resource</Filter>
    </ClInclude>
    <ClInclude Include="EngineGUI.h">
      <Filter>GUI</Filter>
    </ClInclude>
    <ClInclude Include="EngineGUIWindow.h">
      <Filter>GUI</Filter>
    </ClInclude>
    <ClInclude Include="imgui_internal.h">
      <Filter>GUI\IMGUI\Header</Filter>
    </ClInclude>
    <ClInclude Include="imstb_rectpack.h">
      <Filter>GUI\IMGUI\Header</Filter>
    </ClInclude>
    <ClInclude Include="imstb_textedit.h">
      <Filter>GUI\IMGUI\Header</Filter>
    </ClInclude>
    <ClInclude Include="imstb_truetype.h">
      <Filter>GUI\IMGUI\Header</Filter>
    </ClInclude>
    <ClInclude Include="imconfig.h">
      <Filter>GUI\IMGUI\Header</Filter>
    </ClInclude>
    <ClInclude Include="imgui.h">
      <Filter>GUI\IMGUI\Header</Filter>
    </ClInclude>
    <ClInclude Include="imgui_impl_dx11.h">
      <Filter>GUI\IMGUI\Header</Filter>
    </ClInclude>
    <ClInclude Include="imgui_impl_win32.h">
      <Filter>GUI\IMGUI\Header</Filter>
    </ClInclude>
    <ClInclude Include="RenderUnit.h">
      <Filter>Components\Render</Filter>
    </ClInclude>
    <ClInclude Include="ActorComponent.h">
      <Filter>Components\Base</Filter>
    </ClInclude>
    <ClInclude Include="DefaultSceneComponent.h">
      <Filter>Components\Base</Filter>
    </ClInclude>
    <ClInclude Include="SceneComponent.h">
      <Filter>Components\Base</Filter>
    </ClInclude>
    <ClInclude Include="EngineBlend.h">
      <Filter>Resource</Filter>
    </ClInclude>
    <ClInclude Include="EngineEnums.h">
      <Filter>Header</Filter>
    </ClInclude>
    <ClInclude Include="EngineConstantBuffer.h">
      <Filter>Resource\Buffer</Filter>
    </ClInclude>
    <ClInclude Include="EngineDeviceBuffer.h">
      <Filter>Resource\Buffer</Filter>
    </ClInclude>
    <ClInclude Include="EngineIndexBuffer.h">
      <Filter>Resource\Buffer</Filter>
    </ClInclude>
    <ClInclude Include="EngineVertexBuffer.h">
      <Filter>Resource\Buffer</Filter>
    </ClInclude>
    <ClInclude Include="Mesh.h">
      <Filter>Resource\Mesh</Filter>
    </ClInclude>
    <ClInclude Include="EngineInputLayOutInfo.h">
      <Filter>Resource\Mesh</Filter>
    </ClInclude>
    <ClInclude Include="EnginePixelShader.h">
      <Filter>Resource\Shader</Filter>
    </ClInclude>
    <ClInclude Include="EngineShader.h">
      <Filter>Resource\Shader</Filter>
    </ClInclude>
    <ClInclude Include="EngineVertexShader.h">
      <Filter>Resource\Shader</Filter>
    </ClInclude>
    <ClInclude Include="EngineSprite.h">
      <Filter>Resource\Texture</Filter>
    </ClInclude>
    <ClInclude Include="EngineTexture.h">
      <Filter>Resource\Texture</Filter>
    </ClInclude>
    <ClInclude Include="EngineVertex.h">
      <Filter>Resource\Mesh</Filter>
    </ClInclude>
    <ClInclude Include="EngineCamera.h">
      <Filter>Camera</Filter>
    </ClInclude>
    <ClInclude Include="CameraActor.h">
      <Filter>Camera</Filter>
    </ClInclude>
    <ClInclude Include="TimeEventComponent.h">
      <Filter>Components</Filter>
    </ClInclude>
    <ClInclude Include="Collision.h">
      <Filter>Components</Filter>
    </ClInclude>
    <ClInclude Include="EngineDepthStencilState.h">
      <Filter>Resource</Filter>
    </ClInclude>
    <ClInclude Include="EngineMaterial.h">
      <Filter>Resource</Filter>
    </ClInclude>
    <ClInclude Include="EngineRasterizerState.h">
      <Filter>Resource</Filter>
    </ClInclude>
    <ClInclude Include="EngineSampler.h">
      <Filter>Resource</Filter>
    </ClInclude>
    <ClInclude Include="EngineShaderResources.h">
      <Filter>Resource</Filter>
    </ClInclude>
    <ClInclude Include="TileMapRenderer.h" />
    <ClInclude Include="EngineRenderTarget.h" />
    <ClInclude Include="Widget.h" />
    <ClInclude Include="HUD.h" />
    <ClInclude Include="TransformObject.h" />
    <ClInclude Include="EngineDataStruct.h" />
    <ClInclude Include="EngineConst.h" />
    <ClInclude Include="ThirdParty\FW1FontWrapper\Inc\FW1FontWrapper.h">
      <Filter>ThirdParty\FW1FontWrapper\Inc</Filter>
    </ClInclude>
    <ClInclude Include="EngineFont.h" />
    <ClInclude Include="FontWidget.h" />
    <ClInclude Include="ImageWidget.h" />
  </ItemGroup>
  <ItemGroup>
    <ClCompile Include="PreCompile.cpp">
      <Filter>Header</Filter>
    </ClCompile>
    <ClCompile Include="EngineCore.cpp">
      <Filter>Core</Filter>
    </ClCompile>
    <ClCompile Include="Level.cpp">
      <Filter>Level</Filter>
    </ClCompile>
    <ClCompile Include="Actor.cpp">
      <Filter>Level</Filter>
    </ClCompile>
    <ClCompile Include="GameMode.cpp">
      <Filter>Level</Filter>
    </ClCompile>
    <ClCompile Include="Pawn.cpp">
      <Filter>Level</Filter>
    </ClCompile>
    <ClCompile Include="EngineGraphicDevice.cpp">
      <Filter>Graphics</Filter>
    </ClCompile>
    <ClCompile Include="Renderer.cpp">
      <Filter>Components\Render</Filter>
    </ClCompile>
    <ClCompile Include="SpriteRenderer.cpp">
      <Filter>Components\Render</Filter>
    </ClCompile>
    <ClCompile Include="EngineResources.cpp">
      <Filter>Resource</Filter>
    </ClCompile>
    <ClCompile Include="EngineGUI.cpp">
      <Filter>GUI</Filter>
    </ClCompile>
    <ClCompile Include="EngineGUIWindow.cpp">
      <Filter>GUI</Filter>
    </ClCompile>
    <ClCompile Include="imgui_tables.cpp">
      <Filter>GUI\IMGUI\Cpp</Filter>
    </ClCompile>
    <ClCompile Include="imgui_widgets.cpp">
      <Filter>GUI\IMGUI\Cpp</Filter>
    </ClCompile>
    <ClCompile Include="imgui.cpp">
      <Filter>GUI\IMGUI\Cpp</Filter>
    </ClCompile>
    <ClCompile Include="imgui_draw.cpp">
      <Filter>GUI\IMGUI\Cpp</Filter>
    </ClCompile>
    <ClCompile Include="imgui_impl_dx11.cpp">
      <Filter>GUI\IMGUI\Cpp</Filter>
    </ClCompile>
    <ClCompile Include="imgui_impl_win32.cpp">
      <Filter>GUI\IMGUI\Cpp</Filter>
    </ClCompile>
    <ClCompile Include="RenderUnit.cpp">
      <Filter>Components\Render</Filter>
    </ClCompile>
    <ClCompile Include="EngineGraphicDevice_Resources.cpp">
      <Filter>Graphics</Filter>
    </ClCompile>
    <ClCompile Include="ActorComponent.cpp">
      <Filter>Components\Base</Filter>
    </ClCompile>
    <ClCompile Include="DefaultSceneComponent.cpp">
      <Filter>Components\Base</Filter>
    </ClCompile>
    <ClCompile Include="SceneComponent.cpp">
      <Filter>Components\Base</Filter>
    </ClCompile>
    <ClCompile Include="EngineBlend.cpp">
      <Filter>Resource</Filter>
    </ClCompile>
    <ClCompile Include="EngineConstantBuffer.cpp">
      <Filter>Resource\Buffer</Filter>
    </ClCompile>
    <ClCompile Include="EngineDeviceBuffer.cpp">
      <Filter>Resource\Buffer</Filter>
    </ClCompile>
    <ClCompile Include="EngineIndexBuffer.cpp">
      <Filter>Resource\Buffer</Filter>
    </ClCompile>
    <ClCompile Include="EngineVertexBuffer.cpp">
      <Filter>Resource\Buffer</Filter>
    </ClCompile>
    <ClCompile Include="Mesh.cpp">
      <Filter>Resource\Mesh</Filter>
    </ClCompile>
    <ClCompile Include="EngineInputLayOutInfo.cpp">
      <Filter>Resource\Mesh</Filter>
    </ClCompile>
    <ClCompile Include="EnginePixelShader.cpp">
      <Filter>Resource\Shader</Filter>
    </ClCompile>
    <ClCompile Include="EngineShader.cpp">
      <Filter>Resource\Shader</Filter>
    </ClCompile>
    <ClCompile Include="EngineVertexShader.cpp">
      <Filter>Resource\Shader</Filter>
    </ClCompile>
    <ClCompile Include="EngineSprite.cpp">
      <Filter>Resource\Texture</Filter>
    </ClCompile>
    <ClCompile Include="EngineTexture.cpp">
      <Filter>Resource\Texture</Filter>
    </ClCompile>
    <ClCompile Include="EngineVertex.cpp">
      <Filter>Resource\Mesh</Filter>
    </ClCompile>
    <ClCompile Include="CameraActor.cpp">
      <Filter>Camera</Filter>
    </ClCompile>
    <ClCompile Include="EngineCamera.cpp">
      <Filter>Camera</Filter>
    </ClCompile>
    <ClCompile Include="TimeEventComponent.cpp">
      <Filter>Components</Filter>
    </ClCompile>
    <ClCompile Include="Collision.cpp">
      <Filter>Components</Filter>
    </ClCompile>
    <ClCompile Include="EngineDepthStencilState.cpp">
      <Filter>Resource</Filter>
    </ClCompile>
    <ClCompile Include="EngineMaterial.cpp">
      <Filter>Resource</Filter>
    </ClCompile>
    <ClCompile Include="EngineRasterizerState.cpp">
      <Filter>Resource</Filter>
    </ClCompile>
    <ClCompile Include="EngineSampler.cpp">
      <Filter>Resource</Filter>
    </ClCompile>
    <ClCompile Include="EngineShaderResources.cpp">
      <Filter>Resource</Filter>
    </ClCompile>
    <ClCompile Include="TileMapRenderer.cpp" />
    <ClCompile Include="EngineRenderTarget.cpp" />
    <ClCompile Include="Widget.cpp" />
    <ClCompile Include="HUD.cpp" />
    <ClCompile Include="TransformObject.cpp" />
    <ClCompile Include="EngineFont.cpp" />
    <ClCompile Include="FontWidget.cpp" />
    <ClCompile Include="ImageWidget.cpp" />
  </ItemGroup>
  <ItemGroup>
    <Filter Include="Core">
      <UniqueIdentifier>{3b5e1934-b5c0-457d-a1c5-43b508ed966c}</UniqueIdentifier>
    </Filter>
    <Filter Include="Interface">
      <UniqueIdentifier>{015b6f7c-88a1-4e5b-9773-659400f71d14}</UniqueIdentifier>
    </Filter>
    <Filter Include="Components">
      <UniqueIdentifier>{336e553c-f6b3-49e4-a912-283dd8b21407}</UniqueIdentifier>
    </Filter>
    <Filter Include="Graphics">
      <UniqueIdentifier>{db931201-43c4-4616-83ff-8b4a7fe68e0e}</UniqueIdentifier>
    </Filter>
    <Filter Include="ThirdParty">
      <UniqueIdentifier>{f34c140b-5bab-4fa7-b387-521275a1d02c}</UniqueIdentifier>
    </Filter>
    <Filter Include="Components\Render">
      <UniqueIdentifier>{8a64298f-93d0-4948-b73f-8de865bd1256}</UniqueIdentifier>
    </Filter>
    <Filter Include="Resource">
      <UniqueIdentifier>{eed0a0bf-7ad4-4e4e-a10f-2c15fd4bc50a}</UniqueIdentifier>
    </Filter>
    <Filter Include="GUI">
      <UniqueIdentifier>{1853f14f-f162-4246-a2b2-d0d6d21db53d}</UniqueIdentifier>
    </Filter>
    <Filter Include="GUI\IMGUI">
      <UniqueIdentifier>{e3e6d47d-4701-42cc-9f65-8dcb0eec91a8}</UniqueIdentifier>
    </Filter>
    <Filter Include="GUI\IMGUI\Header">
      <UniqueIdentifier>{453c0362-79c0-49b2-a0b3-9420e8699535}</UniqueIdentifier>
    </Filter>
    <Filter Include="GUI\IMGUI\Cpp">
      <UniqueIdentifier>{27d480ec-1bbb-4eff-8f21-767f90f33877}</UniqueIdentifier>
    </Filter>
    <Filter Include="Level">
      <UniqueIdentifier>{38e053bd-ed02-4846-85e4-923c6ae63f90}</UniqueIdentifier>
    </Filter>
    <Filter Include="Components\Base">
      <UniqueIdentifier>{48de8f8e-6917-4b8e-ba7b-b92b289755b5}</UniqueIdentifier>
    </Filter>
    <Filter Include="Header">
      <UniqueIdentifier>{5dbbeb39-4825-465d-9e4b-35c67354ca0d}</UniqueIdentifier>
    </Filter>
    <Filter Include="Resource\Buffer">
      <UniqueIdentifier>{e0ba0aa3-ffd4-4b4e-8f16-1ff7ae9ccf89}</UniqueIdentifier>
    </Filter>
    <Filter Include="Resource\Shader">
      <UniqueIdentifier>{8f00b9df-b6af-45d1-975f-3a66809c87c5}</UniqueIdentifier>
    </Filter>
    <Filter Include="Resource\Texture">
      <UniqueIdentifier>{17936ab5-f061-47ae-b3e0-edf8435eba7d}</UniqueIdentifier>
    </Filter>
    <Filter Include="Resource\Mesh">
      <UniqueIdentifier>{bce13e5d-a630-45d1-be57-0fd1c92fd650}</UniqueIdentifier>
    </Filter>
    <Filter Include="Camera">
      <UniqueIdentifier>{7dfd567a-6818-40e2-bd0b-85ae46ba6e94}</UniqueIdentifier>
    </Filter>
    <Filter Include="ThirdParty\DirectxTex">
      <UniqueIdentifier>{aebb4aaf-f06c-4e4b-916e-9e2e615e9545}</UniqueIdentifier>
    </Filter>
    <Filter Include="ThirdParty\DirectxTex\Debug">
      <UniqueIdentifier>{26486088-fc3c-438f-96b1-09c2648d0b6b}</UniqueIdentifier>
    </Filter>
    <Filter Include="ThirdParty\DirectxTex\Inc">
      <UniqueIdentifier>{e5b0f8f6-92d8-4bf4-a25a-a7eee4c2f1ee}</UniqueIdentifier>
    </Filter>
    <Filter Include="ThirdParty\DirectxTex\Release">
      <UniqueIdentifier>{2e258443-2928-427b-afcf-e221822f55fa}</UniqueIdentifier>
    </Filter>
    <Filter Include="ThirdParty\FW1FontWrapper">
      <UniqueIdentifier>{fc8d4dd0-6f54-4dbb-a1bd-896ae128dac2}</UniqueIdentifier>
    </Filter>
    <Filter Include="ThirdParty\FW1FontWrapper\Debug">
      <UniqueIdentifier>{b3e76bdc-fab8-4f05-ba63-1468f657b080}</UniqueIdentifier>
    </Filter>
    <Filter Include="ThirdParty\FW1FontWrapper\Inc">
      <UniqueIdentifier>{a2d8745a-aa04-45c8-8fa3-edb4131ae7e7}</UniqueIdentifier>
    </Filter>
    <Filter Include="ThirdParty\FW1FontWrapper\Release">
      <UniqueIdentifier>{aec72d41-3831-4b3d-b061-d723040baf8d}</UniqueIdentifier>
    </Filter>
  </ItemGroup>
  <ItemGroup>
    <None Include="ThirdParty\DirectxTex\Inc\DirectXTex.inl">
      <Filter>ThirdParty\DirectxTex\Inc</Filter>
    </None>
  </ItemGroup>
  <ItemGroup>
    <CopyFileToFolders Include="ThirdParty\DirectxTex\Debug\DirectXTex_Debug.lib">
      <Filter>ThirdParty\DirectxTex\Debug</Filter>
    </CopyFileToFolders>
    <CopyFileToFolders Include="ThirdParty\DirectxTex\Release\DirectXTex_Release.lib">
      <Filter>ThirdParty\DirectxTex\Release</Filter>
    </CopyFileToFolders>
    <CopyFileToFolders Include="ThirdParty\FW1FontWrapper\Release\FW1FontWrapper.dll">
      <Filter>ThirdParty\FW1FontWrapper\Release</Filter>
    </CopyFileToFolders>
    <CopyFileToFolders Include="ThirdParty\FW1FontWrapper\Release\FW1FontWrapper.lib">
      <Filter>ThirdParty\FW1FontWrapper\Release</Filter>
    </CopyFileToFolders>
    <CopyFileToFolders Include="ThirdParty\FW1FontWrapper\Debug\FW1FontWrapper.lib">
      <Filter>ThirdParty\FW1FontWrapper\Debug</Filter>
    </CopyFileToFolders>
    <CopyFileToFolders Include="ThirdParty\FW1FontWrapper\Debug\FW1FontWrapper.dll">
      <Filter>ThirdParty\FW1FontWrapper\Debug</Filter>
    </CopyFileToFolders>
  </ItemGroup>
</Project>