<?xml version="1.0" encoding="utf-8"?>
<Project ToolsVersion="4.0" xmlns="http://schemas.microsoft.com/developer/msbuild/2003">
  <ItemGroup>
    <ClInclude Include="PreCompile.h">
      <Filter>Pch</Filter>
    </ClInclude>
    <ClInclude Include="EngineCore.h">
      <Filter>Core</Filter>
    </ClInclude>
    <ClInclude Include="IContentsCore.h">
      <Filter>Interface</Filter>
    </ClInclude>
    <ClInclude Include="Level.h">
      <Filter>Level</Filter>
    </ClInclude>
    <ClInclude Include="Actor.h">
      <Filter>Level</Filter>
    </ClInclude>
    <ClInclude Include="ActorComponent.h">
      <Filter>Components</Filter>
    </ClInclude>
    <ClInclude Include="SceneComponent.h">
      <Filter>Components</Filter>
    </ClInclude>
    <ClInclude Include="GameMode.h">
      <Filter>Level</Filter>
    </ClInclude>
    <ClInclude Include="Pawn.h">
      <Filter>Level</Filter>
    </ClInclude>
    <ClInclude Include="EngineGraphicDevice.h">
      <Filter>Graphics</Filter>
    </ClInclude>
    <ClInclude Include="EngineCamera.h" />
    <ClInclude Include="CameraActor.h" />
    <ClInclude Include="ThirdParty\DirectxTex\Inc\DirectXTex.h">
      <Filter>ThirdParty\Inc</Filter>
    </ClInclude>
    <ClInclude Include="Renderer.h">
      <Filter>Components\Render</Filter>
    </ClInclude>
    <ClInclude Include="SpriteRenderer.h">
      <Filter>Components\Render</Filter>
    </ClInclude>
    <ClInclude Include="EngineResources.h">
      <Filter>Resource</Filter>
    </ClInclude>
    <ClInclude Include="EngineTexture.h">
      <Filter>Resource</Filter>
    </ClInclude>
    <ClInclude Include="EngineGUI.h">
      <Filter>GUI</Filter>
    </ClInclude>
    <ClInclude Include="EngineGUIWindow.h">
      <Filter>GUI</Filter>
    </ClInclude>
    <ClInclude Include="imgui_internal.h">
      <Filter>GUI\IMGUI\Header</Filter>
    </ClInclude>
    <ClInclude Include="imstb_rectpack.h">
      <Filter>GUI\IMGUI\Header</Filter>
    </ClInclude>
    <ClInclude Include="imstb_textedit.h">
      <Filter>GUI\IMGUI\Header</Filter>
    </ClInclude>
    <ClInclude Include="imstb_truetype.h">
      <Filter>GUI\IMGUI\Header</Filter>
    </ClInclude>
    <ClInclude Include="imconfig.h">
      <Filter>GUI\IMGUI\Header</Filter>
    </ClInclude>
    <ClInclude Include="imgui.h">
      <Filter>GUI\IMGUI\Header</Filter>
    </ClInclude>
    <ClInclude Include="imgui_impl_dx11.h">
      <Filter>GUI\IMGUI\Header</Filter>
    </ClInclude>
    <ClInclude Include="imgui_impl_win32.h">
      <Filter>GUI\IMGUI\Header</Filter>
    </ClInclude>
    <ClInclude Include="EngineSprite.h">
      <Filter>Resource</Filter>
    </ClInclude>
    <ClInclude Include="DefaultSceneComponent.h">
      <Filter>Components</Filter>
    </ClInclude>
  </ItemGroup>
  <ItemGroup>
    <ClCompile Include="PreCompile.cpp">
      <Filter>Pch</Filter>
    </ClCompile>
    <ClCompile Include="EngineCore.cpp">
      <Filter>Core</Filter>
    </ClCompile>
    <ClCompile Include="Level.cpp">
      <Filter>Level</Filter>
    </ClCompile>
    <ClCompile Include="Actor.cpp">
      <Filter>Level</Filter>
    </ClCompile>
    <ClCompile Include="ActorComponent.cpp">
      <Filter>Components</Filter>
    </ClCompile>
    <ClCompile Include="SceneComponent.cpp">
      <Filter>Components</Filter>
    </ClCompile>
    <ClCompile Include="GameMode.cpp">
      <Filter>Level</Filter>
    </ClCompile>
    <ClCompile Include="Pawn.cpp">
      <Filter>Level</Filter>
    </ClCompile>
    <ClCompile Include="EngineGraphicDevice.cpp">
      <Filter>Graphics</Filter>
    </ClCompile>
    <ClCompile Include="EngineCamera.cpp" />
    <ClCompile Include="CameraActor.cpp" />
    <ClCompile Include="Renderer.cpp">
      <Filter>Components\Render</Filter>
    </ClCompile>
    <ClCompile Include="SpriteRenderer.cpp">
      <Filter>Components\Render</Filter>
    </ClCompile>
    <ClCompile Include="EngineResources.cpp">
      <Filter>Resource</Filter>
    </ClCompile>
    <ClCompile Include="EngineTexture.cpp">
      <Filter>Resource</Filter>
    </ClCompile>
    <ClCompile Include="EngineGUI.cpp">
      <Filter>GUI</Filter>
    </ClCompile>
    <ClCompile Include="EngineGUIWindow.cpp">
      <Filter>GUI</Filter>
    </ClCompile>
    <ClCompile Include="imgui_tables.cpp">
      <Filter>GUI\IMGUI\Cpp</Filter>
    </ClCompile>
    <ClCompile Include="imgui_widgets.cpp">
      <Filter>GUI\IMGUI\Cpp</Filter>
    </ClCompile>
    <ClCompile Include="imgui.cpp">
      <Filter>GUI\IMGUI\Cpp</Filter>
    </ClCompile>
    <ClCompile Include="imgui_draw.cpp">
      <Filter>GUI\IMGUI\Cpp</Filter>
    </ClCompile>
    <ClCompile Include="imgui_impl_dx11.cpp">
      <Filter>GUI\IMGUI\Cpp</Filter>
    </ClCompile>
    <ClCompile Include="imgui_impl_win32.cpp">
      <Filter>GUI\IMGUI\Cpp</Filter>
    </ClCompile>
    <ClCompile Include="EngineSprite.cpp">
      <Filter>Resource</Filter>
    </ClCompile>
    <ClCompile Include="DefaultSceneComponent.cpp">
      <Filter>Components</Filter>
    </ClCompile>
  </ItemGroup>
  <ItemGroup>
    <Filter Include="Pch">
      <UniqueIdentifier>{5dbbeb39-4825-465d-9e4b-35c67354ca0d}</UniqueIdentifier>
    </Filter>
    <Filter Include="Core">
      <UniqueIdentifier>{3b5e1934-b5c0-457d-a1c5-43b508ed966c}</UniqueIdentifier>
    </Filter>
    <Filter Include="Interface">
      <UniqueIdentifier>{015b6f7c-88a1-4e5b-9773-659400f71d14}</UniqueIdentifier>
    </Filter>
    <Filter Include="Components">
      <UniqueIdentifier>{336e553c-f6b3-49e4-a912-283dd8b21407}</UniqueIdentifier>
    </Filter>
    <Filter Include="Graphics">
      <UniqueIdentifier>{db931201-43c4-4616-83ff-8b4a7fe68e0e}</UniqueIdentifier>
    </Filter>
    <Filter Include="ThirdParty">
      <UniqueIdentifier>{f34c140b-5bab-4fa7-b387-521275a1d02c}</UniqueIdentifier>
    </Filter>
    <Filter Include="ThirdParty\Debug">
      <UniqueIdentifier>{26486088-fc3c-438f-96b1-09c2648d0b6b}</UniqueIdentifier>
    </Filter>
    <Filter Include="ThirdParty\Release">
      <UniqueIdentifier>{2e258443-2928-427b-afcf-e221822f55fa}</UniqueIdentifier>
    </Filter>
    <Filter Include="ThirdParty\Inc">
      <UniqueIdentifier>{e5b0f8f6-92d8-4bf4-a25a-a7eee4c2f1ee}</UniqueIdentifier>
    </Filter>
    <Filter Include="Components\Render">
      <UniqueIdentifier>{8a64298f-93d0-4948-b73f-8de865bd1256}</UniqueIdentifier>
    </Filter>
    <Filter Include="Resource">
      <UniqueIdentifier>{eed0a0bf-7ad4-4e4e-a10f-2c15fd4bc50a}</UniqueIdentifier>
    </Filter>
    <Filter Include="GUI">
      <UniqueIdentifier>{1853f14f-f162-4246-a2b2-d0d6d21db53d}</UniqueIdentifier>
    </Filter>
    <Filter Include="GUI\IMGUI">
      <UniqueIdentifier>{e3e6d47d-4701-42cc-9f65-8dcb0eec91a8}</UniqueIdentifier>
    </Filter>
    <Filter Include="GUI\IMGUI\Header">
      <UniqueIdentifier>{453c0362-79c0-49b2-a0b3-9420e8699535}</UniqueIdentifier>
    </Filter>
    <Filter Include="GUI\IMGUI\Cpp">
      <UniqueIdentifier>{27d480ec-1bbb-4eff-8f21-767f90f33877}</UniqueIdentifier>
    </Filter>
    <Filter Include="Level">
      <UniqueIdentifier>{38e053bd-ed02-4846-85e4-923c6ae63f90}</UniqueIdentifier>
    </Filter>
  </ItemGroup>
  <ItemGroup>
    <None Include="ThirdParty\DirectxTex\Inc\DirectXTex.inl">
      <Filter>ThirdParty\Inc</Filter>
    </None>
  </ItemGroup>
  <ItemGroup>
    <CopyFileToFolders Include="ThirdParty\DirectxTex\Debug\DirectXTex_Debug.lib">
      <Filter>ThirdParty\Debug</Filter>
    </CopyFileToFolders>
  </ItemGroup>
</Project>