<?xml version="1.0" encoding="utf-8"?>
<Project ToolsVersion="4.0" xmlns="http://schemas.microsoft.com/developer/msbuild/2003">
  <ItemGroup>
    <ClCompile Include="EngineWindow.cpp" />
    <ClCompile Include="PreCompile.cpp">
      <Filter>Pch</Filter>
    </ClCompile>
    <ClCompile Include="EngineInput.cpp">
      <Filter>Input</Filter>
    </ClCompile>
    <ClCompile Include="EngineWinImage.cpp" />
    <ClCompile Include="EngineWindowsTimer.cpp" />
    <ClCompile Include="EngineWorkThreadPool.cpp" />
    <ClCompile Include="EngineThread.cpp" />
    <ClCompile Include="EngineSound.cpp" />
  </ItemGroup>
  <ItemGroup>
    <ClInclude Include="EngineWindow.h" />
    <ClInclude Include="PreCompile.h">
      <Filter>Pch</Filter>
    </ClInclude>
    <ClInclude Include="EngineInput.h">
      <Filter>Input</Filter>
    </ClInclude>
    <ClInclude Include="EngineWinImage.h" />
    <ClInclude Include="EngineWindowsTimer.h" />
    <ClInclude Include="EngineWorkThreadPool.h" />
    <ClInclude Include="EngineThread.h" />
    <ClInclude Include="ThirdParty\FMOD\inc\fmod.h">
      <Filter>FMOD\Inc</Filter>
    </ClInclude>
    <ClInclude Include="ThirdParty\FMOD\inc\fmod.hpp">
      <Filter>FMOD\Inc</Filter>
    </ClInclude>
    <ClInclude Include="ThirdParty\FMOD\inc\fmod_codec.h">
      <Filter>FMOD\Inc</Filter>
    </ClInclude>
    <ClInclude Include="ThirdParty\FMOD\inc\fmod_common.h">
      <Filter>FMOD\Inc</Filter>
    </ClInclude>
    <ClInclude Include="ThirdParty\FMOD\inc\fmod_dsp.h">
      <Filter>FMOD\Inc</Filter>
    </ClInclude>
    <ClInclude Include="ThirdParty\FMOD\inc\fmod_dsp_effects.h">
      <Filter>FMOD\Inc</Filter>
    </ClInclude>
    <ClInclude Include="ThirdParty\FMOD\inc\fmod_errors.h">
      <Filter>FMOD\Inc</Filter>
    </ClInclude>
    <ClInclude Include="ThirdParty\FMOD\inc\fmod_output.h">
      <Filter>FMOD\Inc</Filter>
    </ClInclude>
    <ClInclude Include="EngineSound.h" />
  </ItemGroup>
  <ItemGroup>
    <Filter Include="Pch">
      <UniqueIdentifier>{88281f6b-e648-40ac-9c3a-9514e7c545eb}</UniqueIdentifier>
    </Filter>
    <Filter Include="Input">
      <UniqueIdentifier>{c457e77d-969a-4b85-9630-970edff21989}</UniqueIdentifier>
    </Filter>
    <Filter Include="FMOD">
      <UniqueIdentifier>{107e8f3d-fe56-42c5-a26c-e41e58f7b497}</UniqueIdentifier>
    </Filter>
    <Filter Include="FMOD\Debug">
      <UniqueIdentifier>{f37c4aba-6b1c-4c82-b8e6-ccdfee535e06}</UniqueIdentifier>
    </Filter>
    <Filter Include="FMOD\Inc">
      <UniqueIdentifier>{44bd6f6a-4cd4-4386-8a2c-667383896000}</UniqueIdentifier>
    </Filter>
    <Filter Include="FMOD\Release">
      <UniqueIdentifier>{e3140c5d-2ed8-45e8-9e93-287179b5fe9c}</UniqueIdentifier>
    </Filter>
  </ItemGroup>
  <ItemGroup>
    <None Include="ThirdParty\FMOD\Release\fmod.dll">
      <Filter>FMOD\Release</Filter>
    </None>
  </ItemGroup>
  <ItemGroup>
    <Library Include="ThirdParty\FMOD\Release\fmod_vc.lib">
      <Filter>FMOD\Release</Filter>
    </Library>
  </ItemGroup>
  <ItemGroup>
    <CopyFileToFolders Include="ThirdParty\FMOD\Debug\fmodL.dll">
      <Filter>FMOD\Debug</Filter>
    </CopyFileToFolders>
    <CopyFileToFolders Include="ThirdParty\FMOD\Debug\fmodL_vc.lib">
      <Filter>FMOD\Debug</Filter>
    </CopyFileToFolders>
  </ItemGroup>
</Project>