<?xml version="1.0" encoding="utf-8"?>
<Project ToolsVersion="4.0" xmlns="http://schemas.microsoft.com/developer/msbuild/2003">
  <ItemGroup>
    <ClCompile Include="EngineWindow.cpp" />
    <ClCompile Include="PreCompile.cpp">
      <Filter>Pch</Filter>
    </ClCompile>
    <ClCompile Include="EngineInput.cpp">
      <Filter>Input</Filter>
    </ClCompile>
    <ClCompile Include="EngineWinImage.cpp" />
    <ClCompile Include="EngineWindowsTimer.cpp" />
    <ClCompile Include="EngineWorkThreadPool.cpp" />
    <ClCompile Include="EngineThread.cpp" />
  </ItemGroup>
  <ItemGroup>
    <ClInclude Include="EngineWindow.h" />
    <ClInclude Include="PreCompile.h">
      <Filter>Pch</Filter>
    </ClInclude>
    <ClInclude Include="EngineInput.h">
      <Filter>Input</Filter>
    </ClInclude>
    <ClInclude Include="EngineWinImage.h" />
    <ClInclude Include="EngineWindowsTimer.h" />
    <ClInclude Include="EngineWorkThreadPool.h" />
    <ClInclude Include="EngineThread.h" />
  </ItemGroup>
  <ItemGroup>
    <Filter Include="Pch">
      <UniqueIdentifier>{88281f6b-e648-40ac-9c3a-9514e7c545eb}</UniqueIdentifier>
    </Filter>
    <Filter Include="Input">
      <UniqueIdentifier>{c457e77d-969a-4b85-9630-970edff21989}</UniqueIdentifier>
    </Filter>
  </ItemGroup>
</Project>