<?xml version="1.0" encoding="utf-8"?>
<Project ToolsVersion="4.0" xmlns="http://schemas.microsoft.com/developer/msbuild/2003">
  <ItemGroup>
    <ClCompile Include="ContentsCore.cpp">
      <Filter>Core</Filter>
    </ClCompile>
    <ClCompile Include="PreCompile.cpp">
      <Filter>Header</Filter>
    </ClCompile>
    <ClCompile Include="MoonBridge_WhiteSpear.cpp">
      <Filter>MoonBridge</Filter>
    </ClCompile>
    <ClCompile Include="MoonBridge_WhiteSpear_Map.cpp">
      <Filter>MoonBridge</Filter>
    </ClCompile>
    <ClCompile Include="Player.cpp">
      <Filter>Character\Player</Filter>
    </ClCompile>
    <ClCompile Include="PlayerFuncManager.cpp">
      <Filter>Character\Player</Filter>
    </ClCompile>
    <ClCompile Include="ContentsCore_ResRoad.cpp">
      <Filter>Core</Filter>
    </ClCompile>
    <ClCompile Include="UIShortKey.cpp">
      <Filter>UI\ShortKey</Filter>
    </ClCompile>
    <ClCompile Include="UI_Icon.cpp">
      <Filter>UI\Icon</Filter>
    </ClCompile>
    <ClCompile Include="Skill.cpp">
      <Filter>Character\Player\ActorFunction\Skill</Filter>
    </ClCompile>
    <ClCompile Include="Skill_UltimateDrive.cpp">
      <Filter>Character\Player\ActorFunction\Skill</Filter>
    </ClCompile>
    <ClCompile Include="Player_CheckKey.cpp">
      <Filter>Character\Player</Filter>
    </ClCompile>
    <ClCompile Include="Player_Skill.cpp">
      <Filter>Character\Player</Filter>
    </ClCompile>
    <ClCompile Include="Skill_SwiftPhantom.cpp">
      <Filter>Character\Player\ActorFunction\Skill</Filter>
    </ClCompile>
    <ClCompile Include="Monster.cpp">
      <Filter>Monster</Filter>
    </ClCompile>
    <ClCompile Include="Dunkel_GameMode.cpp">
      <Filter>Dunkel</Filter>
    </ClCompile>
    <ClCompile Include="Dunkel_Map.cpp">
      <Filter>Dunkel</Filter>
    </ClCompile>
    <ClCompile Include="Dunkel_Boss.cpp">
      <Filter>Dunkel</Filter>
    </ClCompile>
    <ClCompile Include="FallenWarrior.cpp">
      <Filter>Dunkel</Filter>
    </ClCompile>
    <ClCompile Include="ContentsEditorGUI.cpp">
      <Filter>GUI</Filter>
    </ClCompile>
    <ClCompile Include="PlayerStat.cpp">
      <Filter>Character\Player</Filter>
    </ClCompile>
    <ClCompile Include="Dunkel_GUI.cpp">
      <Filter>Dunkel</Filter>
    </ClCompile>
    <ClCompile Include="Dunkel_ResRoad.cpp">
      <Filter>Dunkel</Filter>
    </ClCompile>
    <ClCompile Include="Job_Phantom.cpp">
      <Filter>Job\Phantom</Filter>
    </ClCompile>
    <ClCompile Include="Job.cpp">
      <Filter>Job</Filter>
    </ClCompile>
    <ClCompile Include="ActorFunction.cpp">
      <Filter>Character\Player\ActorFunction</Filter>
    </ClCompile>
    <ClCompile Include="PlayerFunction.cpp">
      <Filter>Character\Player\ActorFunction</Filter>
    </ClCompile>
    <ClCompile Include="DownKey.cpp">
      <Filter>Character\Player\ActorFunction\DirFunction</Filter>
    </ClCompile>
    <ClCompile Include="LeftKey.cpp">
      <Filter>Character\Player\ActorFunction\DirFunction</Filter>
    </ClCompile>
    <ClCompile Include="RightKey.cpp">
      <Filter>Character\Player\ActorFunction\DirFunction</Filter>
    </ClCompile>
    <ClCompile Include="UpKey.cpp">
      <Filter>Character\Player\ActorFunction\DirFunction</Filter>
    </ClCompile>
    <ClCompile Include="ContentsPhysics.cpp">
      <Filter>Core</Filter>
    </ClCompile>
    <ClCompile Include="PillarLight.cpp">
      <Filter>Dunkel</Filter>
    </ClCompile>
    <ClCompile Include="DamageSkinActor.cpp">
      <Filter>UI\DamageSkin</Filter>
    </ClCompile>
  </ItemGroup>
  <ItemGroup>
    <ClInclude Include="ContentsCore.h">
      <Filter>Core</Filter>
    </ClInclude>
    <ClInclude Include="PreCompile.h">
      <Filter>Header</Filter>
    </ClInclude>
    <ClInclude Include="MoonBridge_WhiteSpear.h">
      <Filter>MoonBridge</Filter>
    </ClInclude>
    <ClInclude Include="MoonBridge_WhiteSpear_Map.h">
      <Filter>MoonBridge</Filter>
    </ClInclude>
    <ClInclude Include="Player.h">
      <Filter>Character\Player</Filter>
    </ClInclude>
    <ClInclude Include="PlayerFuncManager.h">
      <Filter>Character\Player</Filter>
    </ClInclude>
    <ClInclude Include="ContentsEnum.h">
      <Filter>Header</Filter>
    </ClInclude>
    <ClInclude Include="UIShortKey.h">
      <Filter>UI\ShortKey</Filter>
    </ClInclude>
    <ClInclude Include="UI_Icon.h">
      <Filter>UI\Icon</Filter>
    </ClInclude>
    <ClInclude Include="Skill.h">
      <Filter>Character\Player\ActorFunction\Skill</Filter>
    </ClInclude>
    <ClInclude Include="Skill_UltimateDrive.h">
      <Filter>Character\Player\ActorFunction\Skill</Filter>
    </ClInclude>
    <ClInclude Include="Skill_SwiftPhantom.h">
      <Filter>Character\Player\ActorFunction\Skill</Filter>
    </ClInclude>
    <ClInclude Include="ContentsConst.h">
      <Filter>Header</Filter>
    </ClInclude>
    <ClInclude Include="Monster.h">
      <Filter>Monster</Filter>
    </ClInclude>
    <ClInclude Include="Dunkel_GameMode.h">
      <Filter>Dunkel</Filter>
    </ClInclude>
    <ClInclude Include="Dunkel_Map.h">
      <Filter>Dunkel</Filter>
    </ClInclude>
    <ClInclude Include="Dunkel_Boss.h">
      <Filter>Dunkel</Filter>
    </ClInclude>
    <ClInclude Include="FallenWarrior.h">
      <Filter>Dunkel</Filter>
    </ClInclude>
    <ClInclude Include="ContentsEditorGUI.h">
      <Filter>GUI</Filter>
    </ClInclude>
    <ClInclude Include="PlayerStat.h">
      <Filter>Character\Player</Filter>
    </ClInclude>
    <ClInclude Include="Dunkel_GUI.h">
      <Filter>Dunkel</Filter>
    </ClInclude>
    <ClInclude Include="Job_Phantom.h">
      <Filter>Job\Phantom</Filter>
    </ClInclude>
    <ClInclude Include="Job.h">
      <Filter>Job</Filter>
    </ClInclude>
    <ClInclude Include="ContentsStruct.h">
      <Filter>Header</Filter>
    </ClInclude>
    <ClInclude Include="ActorFunction.h">
      <Filter>Character\Player\ActorFunction</Filter>
    </ClInclude>
    <ClInclude Include="PlayerFunction.h">
      <Filter>Character\Player\ActorFunction</Filter>
    </ClInclude>
    <ClInclude Include="DownKey.h">
      <Filter>Character\Player\ActorFunction\DirFunction</Filter>
    </ClInclude>
    <ClInclude Include="LeftKey.h">
      <Filter>Character\Player\ActorFunction\DirFunction</Filter>
    </ClInclude>
    <ClInclude Include="RightKey.h">
      <Filter>Character\Player\ActorFunction\DirFunction</Filter>
    </ClInclude>
    <ClInclude Include="UpKey.h">
      <Filter>Character\Player\ActorFunction\DirFunction</Filter>
    </ClInclude>
    <ClInclude Include="ContentsPhysics.h">
      <Filter>Core</Filter>
    </ClInclude>
    <ClInclude Include="PillarLight.h">
      <Filter>Dunkel</Filter>
    </ClInclude>
    <ClInclude Include="DamageSkinActor.h">
      <Filter>UI\DamageSkin</Filter>
    </ClInclude>
  </ItemGroup>
  <ItemGroup>
    <Filter Include="Core">
      <UniqueIdentifier>{b5171895-3fe8-4f72-9e9d-e64bfaf3c458}</UniqueIdentifier>
    </Filter>
    <Filter Include="UI">
      <UniqueIdentifier>{f2decb38-dac4-4bb8-88b6-80e3bfd8bc7b}</UniqueIdentifier>
    </Filter>
    <Filter Include="Header">
      <UniqueIdentifier>{5af08b32-4a9e-4d36-a9a7-da1bcafae03d}</UniqueIdentifier>
    </Filter>
    <Filter Include="UI\ShortKey">
      <UniqueIdentifier>{9fd2bf42-f4da-4d6e-b1c9-7a0728600c17}</UniqueIdentifier>
    </Filter>
    <Filter Include="UI\Icon">
      <UniqueIdentifier>{e710c1ba-3be0-4fb6-afd9-59e8082bada7}</UniqueIdentifier>
    </Filter>
    <Filter Include="Character">
      <UniqueIdentifier>{19518975-6166-49c5-8bda-6b9d62e9ff25}</UniqueIdentifier>
    </Filter>
    <Filter Include="Character\Player">
      <UniqueIdentifier>{e09d7acd-c040-4b85-8a10-bf004406165d}</UniqueIdentifier>
    </Filter>
    <Filter Include="Manager">
      <UniqueIdentifier>{bbea2012-8213-409f-be40-5dc42b59cf23}</UniqueIdentifier>
    </Filter>
    <Filter Include="Monster">
      <UniqueIdentifier>{566465ee-4389-4f10-add8-3150d26b18ef}</UniqueIdentifier>
    </Filter>
    <Filter Include="Dunkel">
      <UniqueIdentifier>{3213d464-a43d-4839-9502-817b521a1223}</UniqueIdentifier>
    </Filter>
    <Filter Include="MoonBridge">
      <UniqueIdentifier>{731a6a7c-9133-4947-a27f-804adb3eb8ba}</UniqueIdentifier>
    </Filter>
    <Filter Include="GUI">
      <UniqueIdentifier>{ec5d66ec-e947-4487-8467-a28b0e662e73}</UniqueIdentifier>
    </Filter>
    <Filter Include="Job">
      <UniqueIdentifier>{f7c09ae1-18d5-4963-9a48-8777bcbfce8a}</UniqueIdentifier>
    </Filter>
    <Filter Include="Job\Phantom">
      <UniqueIdentifier>{465a9fbd-1444-480f-a210-fb3b75c20b08}</UniqueIdentifier>
    </Filter>
    <Filter Include="Character\Player\ActorFunction">
      <UniqueIdentifier>{66601369-043d-4ec8-9cad-6503779f39af}</UniqueIdentifier>
    </Filter>
    <Filter Include="Character\Player\ActorFunction\Skill">
      <UniqueIdentifier>{9ba949de-09f2-4144-9c2a-50e050317e72}</UniqueIdentifier>
    </Filter>
    <Filter Include="Character\Player\ActorFunction\DirFunction">
      <UniqueIdentifier>{45e81a9d-bd5d-4571-ba5b-85217de460db}</UniqueIdentifier>
    </Filter>
    <Filter Include="UI\DamageSkin">
      <UniqueIdentifier>{95a958ed-07a2-425b-8308-bd9385985ad7}</UniqueIdentifier>
    </Filter>
  </ItemGroup>
</Project>