<?xml version="1.0" encoding="utf-8"?>
<Project ToolsVersion="4.0" xmlns="http://schemas.microsoft.com/developer/msbuild/2003">
  <ItemGroup>
    <ClCompile Include="ContentsCore.cpp">
      <Filter>Core</Filter>
    </ClCompile>
    <ClCompile Include="PreCompile.cpp">
      <Filter>Header</Filter>
    </ClCompile>
    <ClCompile Include="Carcion_Ishfira.cpp">
      <Filter>Carcion\Ishfira</Filter>
    </ClCompile>
    <ClCompile Include="Carcion_Ishfira_map.cpp">
      <Filter>Carcion\Ishfira</Filter>
    </ClCompile>
    <ClCompile Include="Player.cpp">
      <Filter>Character\Player</Filter>
    </ClCompile>
    <ClCompile Include="PlayerFunc.cpp">
      <Filter>Character\Player</Filter>
    </ClCompile>
    <ClCompile Include="PlayerFuncManager.cpp">
      <Filter>Character\Player</Filter>
    </ClCompile>
    <ClCompile Include="ContentsCore_ResRoad.cpp">
      <Filter>Core</Filter>
    </ClCompile>
    <ClCompile Include="UIShortKey.cpp">
      <Filter>UI\ShortKey</Filter>
    </ClCompile>
    <ClCompile Include="UI_Icon.cpp">
      <Filter>UI\Icon</Filter>
    </ClCompile>
    <ClCompile Include="Skill.cpp">
      <Filter>Character\Player\Skill</Filter>
    </ClCompile>
    <ClCompile Include="Skill_UltimateDrive.cpp">
      <Filter>Character\Player\Skill</Filter>
    </ClCompile>
    <ClCompile Include="Player_State.cpp">
      <Filter>Character\Player</Filter>
    </ClCompile>
    <ClCompile Include="PlayerAnimation.cpp">
      <Filter>Character\Player</Filter>
    </ClCompile>
    <ClCompile Include="AnimationManager.cpp">
      <Filter>Manager</Filter>
    </ClCompile>
    <ClCompile Include="PlayerFSM.cpp">
      <Filter>Character\Player</Filter>
    </ClCompile>
  </ItemGroup>
  <ItemGroup>
    <ClInclude Include="ContentsCore.h">
      <Filter>Core</Filter>
    </ClInclude>
    <ClInclude Include="PreCompile.h">
      <Filter>Header</Filter>
    </ClInclude>
    <ClInclude Include="Carcion_Ishfira.h">
      <Filter>Carcion\Ishfira</Filter>
    </ClInclude>
    <ClInclude Include="Carcion_Ishfira_map.h">
      <Filter>Carcion\Ishfira</Filter>
    </ClInclude>
    <ClInclude Include="Player.h">
      <Filter>Character\Player</Filter>
    </ClInclude>
    <ClInclude Include="PlayerFunc.h">
      <Filter>Character\Player</Filter>
    </ClInclude>
    <ClInclude Include="PlayerFuncManager.h">
      <Filter>Character\Player</Filter>
    </ClInclude>
    <ClInclude Include="ContentsEnum.h">
      <Filter>Header</Filter>
    </ClInclude>
    <ClInclude Include="UIShortKey.h">
      <Filter>UI\ShortKey</Filter>
    </ClInclude>
    <ClInclude Include="UI_Icon.h">
      <Filter>UI\Icon</Filter>
    </ClInclude>
    <ClInclude Include="Skill.h">
      <Filter>Character\Player\Skill</Filter>
    </ClInclude>
    <ClInclude Include="Skill_UltimateDrive.h">
      <Filter>Character\Player\Skill</Filter>
    </ClInclude>
    <ClInclude Include="PlayerAnimation.h">
      <Filter>Character\Player</Filter>
    </ClInclude>
    <ClInclude Include="AnimationManager.h">
      <Filter>Manager</Filter>
    </ClInclude>
    <ClInclude Include="PlayerFSM.h">
      <Filter>Character\Player</Filter>
    </ClInclude>
  </ItemGroup>
  <ItemGroup>
    <Filter Include="Core">
      <UniqueIdentifier>{b5171895-3fe8-4f72-9e9d-e64bfaf3c458}</UniqueIdentifier>
    </Filter>
    <Filter Include="Carcion">
      <UniqueIdentifier>{0e83acb3-09af-4d80-8ee7-121f29208148}</UniqueIdentifier>
    </Filter>
    <Filter Include="Carcion\Ishfira">
      <UniqueIdentifier>{731a6a7c-9133-4947-a27f-804adb3eb8ba}</UniqueIdentifier>
    </Filter>
    <Filter Include="UI">
      <UniqueIdentifier>{f2decb38-dac4-4bb8-88b6-80e3bfd8bc7b}</UniqueIdentifier>
    </Filter>
    <Filter Include="Header">
      <UniqueIdentifier>{5af08b32-4a9e-4d36-a9a7-da1bcafae03d}</UniqueIdentifier>
    </Filter>
    <Filter Include="UI\ShortKey">
      <UniqueIdentifier>{9fd2bf42-f4da-4d6e-b1c9-7a0728600c17}</UniqueIdentifier>
    </Filter>
    <Filter Include="UI\Icon">
      <UniqueIdentifier>{e710c1ba-3be0-4fb6-afd9-59e8082bada7}</UniqueIdentifier>
    </Filter>
    <Filter Include="Character">
      <UniqueIdentifier>{19518975-6166-49c5-8bda-6b9d62e9ff25}</UniqueIdentifier>
    </Filter>
    <Filter Include="Character\Player">
      <UniqueIdentifier>{e09d7acd-c040-4b85-8a10-bf004406165d}</UniqueIdentifier>
    </Filter>
    <Filter Include="Character\Player\Skill">
      <UniqueIdentifier>{9ba949de-09f2-4144-9c2a-50e050317e72}</UniqueIdentifier>
    </Filter>
    <Filter Include="Manager">
      <UniqueIdentifier>{bbea2012-8213-409f-be40-5dc42b59cf23}</UniqueIdentifier>
    </Filter>
  </ItemGroup>
</Project>