<?xml version="1.0" encoding="utf-8"?>
<Project ToolsVersion="4.0" xmlns="http://schemas.microsoft.com/developer/msbuild/2003">
  <ItemGroup>
    <ClCompile Include="EngineDebug.cpp" />
    <ClCompile Include="EngineDirectory.cpp" />
    <ClCompile Include="EngineFile.cpp" />
    <ClCompile Include="EngineMath.cpp" />
    <ClCompile Include="EnginePath.cpp" />
    <ClCompile Include="EngineSerializer.cpp" />
    <ClCompile Include="PreCompile.cpp" />
  </ItemGroup>
  <ItemGroup>
    <ClInclude Include="EngineDebug.h" />
    <ClInclude Include="EngineDefine.h" />
    <ClInclude Include="EngineDirectory.h" />
    <ClInclude Include="EngineFile.h" />
    <ClInclude Include="EngineMath.h" />
    <ClInclude Include="EnginePath.h" />
    <ClInclude Include="EngineSerializer.h" />
    <ClInclude Include="PreCompile.h" />
  </ItemGroup>
</Project>